// !$*UTF8*$!
{
	archiveVersion = 1;
	classes = {
	};
	objectVersion = 56;
	objects = {

/* Begin PBXBuildFile section */
		6033815D29CA1DFF00F6753D /* Genre.swift in Sources */ = {isa = PBXBuildFile; fileRef = 6033815C29CA1DFF00F6753D /* Genre.swift */; };
		6033815F29CA219200F6753D /* GenreHelper.swift in Sources */ = {isa = PBXBuildFile; fileRef = 6033815E29CA219200F6753D /* GenreHelper.swift */; };
		6033816429CA24EC00F6753D /* HomeHeaderCell.swift in Sources */ = {isa = PBXBuildFile; fileRef = 6033816229CA24EC00F6753D /* HomeHeaderCell.swift */; };
		6033816529CA24EC00F6753D /* HomeHeaderCell.xib in Resources */ = {isa = PBXBuildFile; fileRef = 6033816329CA24EC00F6753D /* HomeHeaderCell.xib */; };
		6033816F29CA257900F6753D /* VerticalMovieCell.swift in Sources */ = {isa = PBXBuildFile; fileRef = 6033816D29CA257900F6753D /* VerticalMovieCell.swift */; };
		6033817029CA257900F6753D /* VerticalMovieCell.xib in Resources */ = {isa = PBXBuildFile; fileRef = 6033816E29CA257900F6753D /* VerticalMovieCell.xib */; };
		6033817429CA266800F6753D /* UICollectionView+Extension.swift in Sources */ = {isa = PBXBuildFile; fileRef = 6033817329CA266800F6753D /* UICollectionView+Extension.swift */; };
		6033817629CA268E00F6753D /* Fonts.swift in Sources */ = {isa = PBXBuildFile; fileRef = 6033817529CA268E00F6753D /* Fonts.swift */; };
		6033817829CA26CC00F6753D /* UIImageView+Extension.swift in Sources */ = {isa = PBXBuildFile; fileRef = 6033817729CA26CC00F6753D /* UIImageView+Extension.swift */; };
		6033817A29CA26E600F6753D /* NibReuseProtocol.swift in Sources */ = {isa = PBXBuildFile; fileRef = 6033817929CA26E600F6753D /* NibReuseProtocol.swift */; };
		6033817C29CA2C1D00F6753D /* HomeCoordinator.swift in Sources */ = {isa = PBXBuildFile; fileRef = 6033817B29CA2C1D00F6753D /* HomeCoordinator.swift */; };
		6033817F29CA2C6D00F6753D /* Coordinator.swift in Sources */ = {isa = PBXBuildFile; fileRef = 6033817E29CA2C6D00F6753D /* Coordinator.swift */; };
		6033818129CA2C8D00F6753D /* Storyboarded.swift in Sources */ = {isa = PBXBuildFile; fileRef = 6033818029CA2C8D00F6753D /* Storyboarded.swift */; };
		6033818529CA423F00F6753D /* TitleCell.swift in Sources */ = {isa = PBXBuildFile; fileRef = 6033818329CA423F00F6753D /* TitleCell.swift */; };
		6033818629CA423F00F6753D /* TitleCell.xib in Resources */ = {isa = PBXBuildFile; fileRef = 6033818429CA423F00F6753D /* TitleCell.xib */; };
		6033818A29CA429900F6753D /* LabelCollectionCell.swift in Sources */ = {isa = PBXBuildFile; fileRef = 6033818829CA429900F6753D /* LabelCollectionCell.swift */; };
		6033818B29CA429900F6753D /* LabelCollectionCell.xib in Resources */ = {isa = PBXBuildFile; fileRef = 6033818929CA429900F6753D /* LabelCollectionCell.xib */; };
		605D841C29C5081900628230 /* AppDelegate.swift in Sources */ = {isa = PBXBuildFile; fileRef = 605D841B29C5081900628230 /* AppDelegate.swift */; };
		605D841E29C5081900628230 /* SceneDelegate.swift in Sources */ = {isa = PBXBuildFile; fileRef = 605D841D29C5081900628230 /* SceneDelegate.swift */; };
		605D842329C5081900628230 /* Main.storyboard in Resources */ = {isa = PBXBuildFile; fileRef = 605D842129C5081900628230 /* Main.storyboard */; };
		605D842529C5081A00628230 /* Assets.xcassets in Resources */ = {isa = PBXBuildFile; fileRef = 605D842429C5081A00628230 /* Assets.xcassets */; };
		605D842829C5081A00628230 /* LaunchScreen.storyboard in Resources */ = {isa = PBXBuildFile; fileRef = 605D842629C5081A00628230 /* LaunchScreen.storyboard */; };
		605D843929C50DAF00628230 /* HomeController.swift in Sources */ = {isa = PBXBuildFile; fileRef = 605D843829C50DAF00628230 /* HomeController.swift */; };
		605D843B29C50DB900628230 /* FavoriteController.swift in Sources */ = {isa = PBXBuildFile; fileRef = 605D843A29C50DB900628230 /* FavoriteController.swift */; };
		605D843D29C50DC500628230 /* PeopleController.swift in Sources */ = {isa = PBXBuildFile; fileRef = 605D843C29C50DC500628230 /* PeopleController.swift */; };
		605D844429C5130500628230 /* HorizontalViewCell.swift in Sources */ = {isa = PBXBuildFile; fileRef = 605D844229C5130500628230 /* HorizontalViewCell.swift */; };
		605D844529C5130500628230 /* HorizontalViewCell.xib in Resources */ = {isa = PBXBuildFile; fileRef = 605D844329C5130500628230 /* HorizontalViewCell.xib */; };
		605D844729C5242600628230 /* NetworkHelper.swift in Sources */ = {isa = PBXBuildFile; fileRef = 605D844629C5242600628230 /* NetworkHelper.swift */; };
		605D844C29C5258000628230 /* NetworkManager.swift in Sources */ = {isa = PBXBuildFile; fileRef = 605D844B29C5258000628230 /* NetworkManager.swift */; };
		605D844F29C525B900628230 /* Alamofire in Frameworks */ = {isa = PBXBuildFile; productRef = 605D844E29C525B900628230 /* Alamofire */; };
		607A9DD329CB1A4700A1ECF1 /* People.swift in Sources */ = {isa = PBXBuildFile; fileRef = 607A9DD229CB1A4700A1ECF1 /* People.swift */; };
		607A9DD729CB1A9400A1ECF1 /* PeopleCell.swift in Sources */ = {isa = PBXBuildFile; fileRef = 607A9DD529CB1A9400A1ECF1 /* PeopleCell.swift */; };
		607A9DD829CB1A9400A1ECF1 /* PeopleCell.xib in Resources */ = {isa = PBXBuildFile; fileRef = 607A9DD629CB1A9400A1ECF1 /* PeopleCell.xib */; };
		607A9DDA29CB1ABE00A1ECF1 /* PeopleViewModel.swift in Sources */ = {isa = PBXBuildFile; fileRef = 607A9DD929CB1ABE00A1ECF1 /* PeopleViewModel.swift */; };
		607A9DDD29CB1B0200A1ECF1 /* PeopleHelper.swift in Sources */ = {isa = PBXBuildFile; fileRef = 607A9DDC29CB1B0200A1ECF1 /* PeopleHelper.swift */; };
		607A9DDF29CB1B0A00A1ECF1 /* PeopleManager.swift in Sources */ = {isa = PBXBuildFile; fileRef = 607A9DDE29CB1B0A00A1ECF1 /* PeopleManager.swift */; };
		60BFE5BF29CB7C3B0070A840 /* PeopleCoordinator.swift in Sources */ = {isa = PBXBuildFile; fileRef = 60BFE5BE29CB7C3B0070A840 /* PeopleCoordinator.swift */; };
		60C4B1F529C601F900E9BC6F /* HomeHelper.swift in Sources */ = {isa = PBXBuildFile; fileRef = 60C4B1F429C601F900E9BC6F /* HomeHelper.swift */; };
		60C4B1F729C602DF00E9BC6F /* HomeManager.swift in Sources */ = {isa = PBXBuildFile; fileRef = 60C4B1F629C602DF00E9BC6F /* HomeManager.swift */; };
		60C4B1FA29C6083D00E9BC6F /* MovieModel.swift in Sources */ = {isa = PBXBuildFile; fileRef = 60C4B1F929C6083D00E9BC6F /* MovieModel.swift */; };
		60C4B1FD29C609FF00E9BC6F /* HomeViewModel.swift in Sources */ = {isa = PBXBuildFile; fileRef = 60C4B1FC29C609FF00E9BC6F /* HomeViewModel.swift */; };
		60C4B20129C61E9B00E9BC6F /* SDWebImage in Frameworks */ = {isa = PBXBuildFile; productRef = 60C4B20029C61E9B00E9BC6F /* SDWebImage */; };
/* End PBXBuildFile section */

/* Begin PBXFileReference section */
		6033815C29CA1DFF00F6753D /* Genre.swift */ = {isa = PBXFileReference; lastKnownFileType = sourcecode.swift; path = Genre.swift; sourceTree = "<group>"; };
		6033815E29CA219200F6753D /* GenreHelper.swift */ = {isa = PBXFileReference; lastKnownFileType = sourcecode.swift; path = GenreHelper.swift; sourceTree = "<group>"; };
		6033816229CA24EC00F6753D /* HomeHeaderCell.swift */ = {isa = PBXFileReference; lastKnownFileType = sourcecode.swift; path = HomeHeaderCell.swift; sourceTree = "<group>"; };
		6033816329CA24EC00F6753D /* HomeHeaderCell.xib */ = {isa = PBXFileReference; lastKnownFileType = file.xib; path = HomeHeaderCell.xib; sourceTree = "<group>"; };
		6033816D29CA257900F6753D /* VerticalMovieCell.swift */ = {isa = PBXFileReference; lastKnownFileType = sourcecode.swift; path = VerticalMovieCell.swift; sourceTree = "<group>"; };
		6033816E29CA257900F6753D /* VerticalMovieCell.xib */ = {isa = PBXFileReference; lastKnownFileType = file.xib; path = VerticalMovieCell.xib; sourceTree = "<group>"; };
		6033817329CA266800F6753D /* UICollectionView+Extension.swift */ = {isa = PBXFileReference; lastKnownFileType = sourcecode.swift; path = "UICollectionView+Extension.swift"; sourceTree = "<group>"; };
		6033817529CA268E00F6753D /* Fonts.swift */ = {isa = PBXFileReference; lastKnownFileType = sourcecode.swift; path = Fonts.swift; sourceTree = "<group>"; };
		6033817729CA26CC00F6753D /* UIImageView+Extension.swift */ = {isa = PBXFileReference; lastKnownFileType = sourcecode.swift; path = "UIImageView+Extension.swift"; sourceTree = "<group>"; };
		6033817929CA26E600F6753D /* NibReuseProtocol.swift */ = {isa = PBXFileReference; lastKnownFileType = sourcecode.swift; path = NibReuseProtocol.swift; sourceTree = "<group>"; };
		6033817B29CA2C1D00F6753D /* HomeCoordinator.swift */ = {isa = PBXFileReference; lastKnownFileType = sourcecode.swift; path = HomeCoordinator.swift; sourceTree = "<group>"; };
		6033817E29CA2C6D00F6753D /* Coordinator.swift */ = {isa = PBXFileReference; lastKnownFileType = sourcecode.swift; path = Coordinator.swift; sourceTree = "<group>"; };
		6033818029CA2C8D00F6753D /* Storyboarded.swift */ = {isa = PBXFileReference; lastKnownFileType = sourcecode.swift; path = Storyboarded.swift; sourceTree = "<group>"; };
		6033818329CA423F00F6753D /* TitleCell.swift */ = {isa = PBXFileReference; lastKnownFileType = sourcecode.swift; path = TitleCell.swift; sourceTree = "<group>"; };
		6033818429CA423F00F6753D /* TitleCell.xib */ = {isa = PBXFileReference; lastKnownFileType = file.xib; path = TitleCell.xib; sourceTree = "<group>"; };
		6033818829CA429900F6753D /* LabelCollectionCell.swift */ = {isa = PBXFileReference; lastKnownFileType = sourcecode.swift; path = LabelCollectionCell.swift; sourceTree = "<group>"; };
		6033818929CA429900F6753D /* LabelCollectionCell.xib */ = {isa = PBXFileReference; lastKnownFileType = file.xib; path = LabelCollectionCell.xib; sourceTree = "<group>"; };
		605D841829C5081900628230 /* TheMovie.app */ = {isa = PBXFileReference; explicitFileType = wrapper.application; includeInIndex = 0; path = TheMovie.app; sourceTree = BUILT_PRODUCTS_DIR; };
		605D841B29C5081900628230 /* AppDelegate.swift */ = {isa = PBXFileReference; lastKnownFileType = sourcecode.swift; path = AppDelegate.swift; sourceTree = "<group>"; };
		605D841D29C5081900628230 /* SceneDelegate.swift */ = {isa = PBXFileReference; lastKnownFileType = sourcecode.swift; path = SceneDelegate.swift; sourceTree = "<group>"; };
		605D842229C5081900628230 /* Base */ = {isa = PBXFileReference; lastKnownFileType = file.storyboard; name = Base; path = Base.lproj/Main.storyboard; sourceTree = "<group>"; };
		605D842429C5081A00628230 /* Assets.xcassets */ = {isa = PBXFileReference; lastKnownFileType = folder.assetcatalog; path = Assets.xcassets; sourceTree = "<group>"; };
		605D842729C5081A00628230 /* Base */ = {isa = PBXFileReference; lastKnownFileType = file.storyboard; name = Base; path = Base.lproj/LaunchScreen.storyboard; sourceTree = "<group>"; };
		605D842929C5081A00628230 /* Info.plist */ = {isa = PBXFileReference; lastKnownFileType = text.plist.xml; path = Info.plist; sourceTree = "<group>"; };
		605D843829C50DAF00628230 /* HomeController.swift */ = {isa = PBXFileReference; lastKnownFileType = sourcecode.swift; path = HomeController.swift; sourceTree = "<group>"; };
		605D843A29C50DB900628230 /* FavoriteController.swift */ = {isa = PBXFileReference; lastKnownFileType = sourcecode.swift; path = FavoriteController.swift; sourceTree = "<group>"; };
		605D843C29C50DC500628230 /* PeopleController.swift */ = {isa = PBXFileReference; lastKnownFileType = sourcecode.swift; path = PeopleController.swift; sourceTree = "<group>"; };
		605D844229C5130500628230 /* HorizontalViewCell.swift */ = {isa = PBXFileReference; lastKnownFileType = sourcecode.swift; path = HorizontalViewCell.swift; sourceTree = "<group>"; };
		605D844329C5130500628230 /* HorizontalViewCell.xib */ = {isa = PBXFileReference; lastKnownFileType = file.xib; path = HorizontalViewCell.xib; sourceTree = "<group>"; };
		605D844629C5242600628230 /* NetworkHelper.swift */ = {isa = PBXFileReference; lastKnownFileType = sourcecode.swift; path = NetworkHelper.swift; sourceTree = "<group>"; };
		605D844B29C5258000628230 /* NetworkManager.swift */ = {isa = PBXFileReference; lastKnownFileType = sourcecode.swift; path = NetworkManager.swift; sourceTree = "<group>"; };
		607A9DD229CB1A4700A1ECF1 /* People.swift */ = {isa = PBXFileReference; lastKnownFileType = sourcecode.swift; path = People.swift; sourceTree = "<group>"; };
		607A9DD529CB1A9400A1ECF1 /* PeopleCell.swift */ = {isa = PBXFileReference; lastKnownFileType = sourcecode.swift; path = PeopleCell.swift; sourceTree = "<group>"; };
		607A9DD629CB1A9400A1ECF1 /* PeopleCell.xib */ = {isa = PBXFileReference; lastKnownFileType = file.xib; path = PeopleCell.xib; sourceTree = "<group>"; };
		607A9DD929CB1ABE00A1ECF1 /* PeopleViewModel.swift */ = {isa = PBXFileReference; lastKnownFileType = sourcecode.swift; path = PeopleViewModel.swift; sourceTree = "<group>"; };
		607A9DDC29CB1B0200A1ECF1 /* PeopleHelper.swift */ = {isa = PBXFileReference; lastKnownFileType = sourcecode.swift; path = PeopleHelper.swift; sourceTree = "<group>"; };
		607A9DDE29CB1B0A00A1ECF1 /* PeopleManager.swift */ = {isa = PBXFileReference; lastKnownFileType = sourcecode.swift; path = PeopleManager.swift; sourceTree = "<group>"; };
		60BFE5BE29CB7C3B0070A840 /* PeopleCoordinator.swift */ = {isa = PBXFileReference; lastKnownFileType = sourcecode.swift; path = PeopleCoordinator.swift; sourceTree = "<group>"; };
		60C4B1F429C601F900E9BC6F /* HomeHelper.swift */ = {isa = PBXFileReference; lastKnownFileType = sourcecode.swift; path = HomeHelper.swift; sourceTree = "<group>"; };
		60C4B1F629C602DF00E9BC6F /* HomeManager.swift */ = {isa = PBXFileReference; lastKnownFileType = sourcecode.swift; path = HomeManager.swift; sourceTree = "<group>"; };
		60C4B1F929C6083D00E9BC6F /* MovieModel.swift */ = {isa = PBXFileReference; lastKnownFileType = sourcecode.swift; path = MovieModel.swift; sourceTree = "<group>"; };
		60C4B1FC29C609FF00E9BC6F /* HomeViewModel.swift */ = {isa = PBXFileReference; lastKnownFileType = sourcecode.swift; path = HomeViewModel.swift; sourceTree = "<group>"; };
/* End PBXFileReference section */

/* Begin PBXFrameworksBuildPhase section */
		605D841529C5081900628230 /* Frameworks */ = {
			isa = PBXFrameworksBuildPhase;
			buildActionMask = 2147483647;
			files = (
				60C4B20129C61E9B00E9BC6F /* SDWebImage in Frameworks */,
				605D844F29C525B900628230 /* Alamofire in Frameworks */,
			);
			runOnlyForDeploymentPostprocessing = 0;
		};
/* End PBXFrameworksBuildPhase section */

/* Begin PBXGroup section */
		600B4E5029CB115C0070419F /* Helper */ = {
			isa = PBXGroup;
			children = (
				605D842429C5081A00628230 /* Assets.xcassets */,
				605D842629C5081A00628230 /* LaunchScreen.storyboard */,
			);
			path = Helper;
			sourceTree = "<group>";
		};
		6033816129CA24C900F6753D /* Home */ = {
			isa = PBXGroup;
			children = (
				6033816229CA24EC00F6753D /* HomeHeaderCell.swift */,
				6033816329CA24EC00F6753D /* HomeHeaderCell.xib */,
			);
			path = Home;
			sourceTree = "<group>";
		};
		6033816629CA253300F6753D /* Vertical */ = {
			isa = PBXGroup;
			children = (
				6033816D29CA257900F6753D /* VerticalMovieCell.swift */,
				6033816E29CA257900F6753D /* VerticalMovieCell.xib */,
			);
			path = Vertical;
			sourceTree = "<group>";
		};
		6033817129CA25EF00F6753D /* Horizontal */ = {
			isa = PBXGroup;
			children = (
				605D844229C5130500628230 /* HorizontalViewCell.swift */,
				605D844329C5130500628230 /* HorizontalViewCell.xib */,
			);
			path = Horizontal;
			sourceTree = "<group>";
		};
		6033817229CA265F00F6753D /* Extension */ = {
			isa = PBXGroup;
			children = (
				6033817329CA266800F6753D /* UICollectionView+Extension.swift */,
				6033817729CA26CC00F6753D /* UIImageView+Extension.swift */,
			);
			path = Extension;
			sourceTree = "<group>";
		};
		6033817D29CA2C5500F6753D /* Coortinator */ = {
			isa = PBXGroup;
			children = (
				6033817E29CA2C6D00F6753D /* Coordinator.swift */,
				6033818029CA2C8D00F6753D /* Storyboarded.swift */,
			);
			path = Coortinator;
			sourceTree = "<group>";
		};
		6033818229CA422B00F6753D /* Title */ = {
			isa = PBXGroup;
			children = (
				6033818329CA423F00F6753D /* TitleCell.swift */,
				6033818429CA423F00F6753D /* TitleCell.xib */,
			);
			path = Title;
			sourceTree = "<group>";
		};
		6033818729CA428800F6753D /* Label */ = {
			isa = PBXGroup;
			children = (
				6033818829CA429900F6753D /* LabelCollectionCell.swift */,
				6033818929CA429900F6753D /* LabelCollectionCell.xib */,
			);
			path = Label;
			sourceTree = "<group>";
		};
		605D840F29C5081900628230 = {
			isa = PBXGroup;
			children = (
				605D841A29C5081900628230 /* TheMovie */,
				605D841929C5081900628230 /* Products */,
			);
			sourceTree = "<group>";
		};
		605D841929C5081900628230 /* Products */ = {
			isa = PBXGroup;
			children = (
				605D841829C5081900628230 /* TheMovie.app */,
			);
			name = Products;
			sourceTree = "<group>";
		};
		605D841A29C5081900628230 /* TheMovie */ = {
			isa = PBXGroup;
			children = (
				6033817D29CA2C5500F6753D /* Coortinator */,
				60C4B1FE29C6191900E9BC6F /* App */,
				605D843429C50D2900628230 /* Scene */,
				605D843329C50D2300628230 /* Helper */,
				605D843029C50D0500628230 /* Network */,
				605D842929C5081A00628230 /* Info.plist */,
			);
			path = TheMovie;
			sourceTree = "<group>";
		};
		605D843029C50D0500628230 /* Network */ = {
			isa = PBXGroup;
			children = (
				607A9DDB29CB1AF300A1ECF1 /* People */,
				605D843229C50D1700628230 /* Home */,
				605D843129C50D0D00628230 /* Core */,
			);
			path = Network;
			sourceTree = "<group>";
		};
		605D843129C50D0D00628230 /* Core */ = {
			isa = PBXGroup;
			children = (
				605D844629C5242600628230 /* NetworkHelper.swift */,
				605D844B29C5258000628230 /* NetworkManager.swift */,
			);
			path = Core;
			sourceTree = "<group>";
		};
		605D843229C50D1700628230 /* Home */ = {
			isa = PBXGroup;
			children = (
				60C4B1F429C601F900E9BC6F /* HomeHelper.swift */,
				60C4B1F629C602DF00E9BC6F /* HomeManager.swift */,
			);
			path = Home;
			sourceTree = "<group>";
		};
		605D843329C50D2300628230 /* Helper */ = {
			isa = PBXGroup;
			children = (
				6033817229CA265F00F6753D /* Extension */,
				6033815E29CA219200F6753D /* GenreHelper.swift */,
				6033817529CA268E00F6753D /* Fonts.swift */,
				6033817929CA26E600F6753D /* NibReuseProtocol.swift */,
			);
			path = Helper;
			sourceTree = "<group>";
		};
		605D843429C50D2900628230 /* Scene */ = {
			isa = PBXGroup;
			children = (
				605D843E29C512CA00628230 /* Views */,
				605D843729C50D4200628230 /* Favorite */,
				605D843629C50D3500628230 /* People */,
				605D843529C50D3100628230 /* Home */,
			);
			path = Scene;
			sourceTree = "<group>";
		};
		605D843529C50D3100628230 /* Home */ = {
			isa = PBXGroup;
			children = (
				60C4B1FB29C609F700E9BC6F /* ViewModel */,
				60C4B1F829C6083500E9BC6F /* Model */,
				605D843829C50DAF00628230 /* HomeController.swift */,
				6033817B29CA2C1D00F6753D /* HomeCoordinator.swift */,
			);
			path = Home;
			sourceTree = "<group>";
		};
		605D843629C50D3500628230 /* People */ = {
			isa = PBXGroup;
			children = (
				60BFE5C029CB7D780070A840 /* ViewModel */,
				607A9DD429CB1A6B00A1ECF1 /* Cell */,
				607A9DD129CB1A4000A1ECF1 /* Model */,
				605D843C29C50DC500628230 /* PeopleController.swift */,
				60BFE5BE29CB7C3B0070A840 /* PeopleCoordinator.swift */,
			);
			path = People;
			sourceTree = "<group>";
		};
		605D843729C50D4200628230 /* Favorite */ = {
			isa = PBXGroup;
			children = (
				605D843A29C50DB900628230 /* FavoriteController.swift */,
			);
			path = Favorite;
			sourceTree = "<group>";
		};
		605D843E29C512CA00628230 /* Views */ = {
			isa = PBXGroup;
			children = (
				605D842129C5081900628230 /* Main.storyboard */,
				600B4E5029CB115C0070419F /* Helper */,
				605D843F29C512D500628230 /* Cell */,
			);
			path = Views;
			sourceTree = "<group>";
		};
		605D843F29C512D500628230 /* Cell */ = {
			isa = PBXGroup;
			children = (
				6033818729CA428800F6753D /* Label */,
				6033818229CA422B00F6753D /* Title */,
				6033817129CA25EF00F6753D /* Horizontal */,
				6033816629CA253300F6753D /* Vertical */,
				6033816129CA24C900F6753D /* Home */,
			);
			path = Cell;
			sourceTree = "<group>";
		};
		607A9DD129CB1A4000A1ECF1 /* Model */ = {
			isa = PBXGroup;
			children = (
				607A9DD229CB1A4700A1ECF1 /* People.swift */,
			);
			path = Model;
			sourceTree = "<group>";
		};
		607A9DD429CB1A6B00A1ECF1 /* Cell */ = {
			isa = PBXGroup;
			children = (
				607A9DD529CB1A9400A1ECF1 /* PeopleCell.swift */,
				607A9DD629CB1A9400A1ECF1 /* PeopleCell.xib */,
			);
			path = Cell;
			sourceTree = "<group>";
		};
		607A9DDB29CB1AF300A1ECF1 /* People */ = {
			isa = PBXGroup;
			children = (
				607A9DDC29CB1B0200A1ECF1 /* PeopleHelper.swift */,
				607A9DDE29CB1B0A00A1ECF1 /* PeopleManager.swift */,
			);
			path = People;
			sourceTree = "<group>";
		};
		60BFE5C029CB7D780070A840 /* ViewModel */ = {
			isa = PBXGroup;
			children = (
				607A9DD929CB1ABE00A1ECF1 /* PeopleViewModel.swift */,
			);
			path = ViewModel;
			sourceTree = "<group>";
		};
		60C4B1F829C6083500E9BC6F /* Model */ = {
			isa = PBXGroup;
			children = (
				60C4B1F929C6083D00E9BC6F /* MovieModel.swift */,
				6033815C29CA1DFF00F6753D /* Genre.swift */,
			);
			path = Model;
			sourceTree = "<group>";
		};
		60C4B1FB29C609F700E9BC6F /* ViewModel */ = {
			isa = PBXGroup;
			children = (
				60C4B1FC29C609FF00E9BC6F /* HomeViewModel.swift */,
			);
			path = ViewModel;
			sourceTree = "<group>";
		};
		60C4B1FE29C6191900E9BC6F /* App */ = {
			isa = PBXGroup;
			children = (
				605D841B29C5081900628230 /* AppDelegate.swift */,
				605D841D29C5081900628230 /* SceneDelegate.swift */,
			);
			path = App;
			sourceTree = "<group>";
		};
/* End PBXGroup section */

/* Begin PBXNativeTarget section */
		605D841729C5081900628230 /* TheMovie */ = {
			isa = PBXNativeTarget;
			buildConfigurationList = 605D842C29C5081A00628230 /* Build configuration list for PBXNativeTarget "TheMovie" */;
			buildPhases = (
				605D841429C5081900628230 /* Sources */,
				605D841529C5081900628230 /* Frameworks */,
				605D841629C5081900628230 /* Resources */,
			);
			buildRules = (
			);
			dependencies = (
			);
			name = TheMovie;
			packageProductDependencies = (
				605D844E29C525B900628230 /* Alamofire */,
				60C4B20029C61E9B00E9BC6F /* SDWebImage */,
			);
			productName = TheMovie;
			productReference = 605D841829C5081900628230 /* TheMovie.app */;
			productType = "com.apple.product-type.application";
		};
/* End PBXNativeTarget section */

/* Begin PBXProject section */
		605D841029C5081900628230 /* Project object */ = {
			isa = PBXProject;
			attributes = {
				BuildIndependentTargetsInParallel = 1;
				LastSwiftUpdateCheck = 1420;
				LastUpgradeCheck = 1420;
				TargetAttributes = {
					605D841729C5081900628230 = {
						CreatedOnToolsVersion = 14.2;
					};
				};
			};
			buildConfigurationList = 605D841329C5081900628230 /* Build configuration list for PBXProject "TheMovie" */;
			compatibilityVersion = "Xcode 14.0";
			developmentRegion = en;
			hasScannedForEncodings = 0;
			knownRegions = (
				en,
				Base,
			);
			mainGroup = 605D840F29C5081900628230;
			packageReferences = (
				605D844D29C525B900628230 /* XCRemoteSwiftPackageReference "Alamofire" */,
				60C4B1FF29C61E9B00E9BC6F /* XCRemoteSwiftPackageReference "SDWebImage" */,
			);
			productRefGroup = 605D841929C5081900628230 /* Products */;
			projectDirPath = "";
			projectRoot = "";
			targets = (
				605D841729C5081900628230 /* TheMovie */,
			);
		};
/* End PBXProject section */

/* Begin PBXResourcesBuildPhase section */
		605D841629C5081900628230 /* Resources */ = {
			isa = PBXResourcesBuildPhase;
			buildActionMask = 2147483647;
			files = (
				6033816529CA24EC00F6753D /* HomeHeaderCell.xib in Resources */,
				607A9DD829CB1A9400A1ECF1 /* PeopleCell.xib in Resources */,
				605D844529C5130500628230 /* HorizontalViewCell.xib in Resources */,
				605D842829C5081A00628230 /* LaunchScreen.storyboard in Resources */,
				605D842529C5081A00628230 /* Assets.xcassets in Resources */,
				6033818B29CA429900F6753D /* LabelCollectionCell.xib in Resources */,
				6033817029CA257900F6753D /* VerticalMovieCell.xib in Resources */,
				6033818629CA423F00F6753D /* TitleCell.xib in Resources */,
				605D842329C5081900628230 /* Main.storyboard in Resources */,
			);
			runOnlyForDeploymentPostprocessing = 0;
		};
/* End PBXResourcesBuildPhase section */

/* Begin PBXSourcesBuildPhase section */
		605D841429C5081900628230 /* Sources */ = {
			isa = PBXSourcesBuildPhase;
			buildActionMask = 2147483647;
			files = (
				6033817429CA266800F6753D /* UICollectionView+Extension.swift in Sources */,
				60C4B1FA29C6083D00E9BC6F /* MovieModel.swift in Sources */,
				6033816429CA24EC00F6753D /* HomeHeaderCell.swift in Sources */,
				60C4B1F729C602DF00E9BC6F /* HomeManager.swift in Sources */,
				6033817A29CA26E600F6753D /* NibReuseProtocol.swift in Sources */,
				605D844729C5242600628230 /* NetworkHelper.swift in Sources */,
				607A9DDA29CB1ABE00A1ECF1 /* PeopleViewModel.swift in Sources */,
				605D843B29C50DB900628230 /* FavoriteController.swift in Sources */,
				6033818529CA423F00F6753D /* TitleCell.swift in Sources */,
				605D844C29C5258000628230 /* NetworkManager.swift in Sources */,
				605D843D29C50DC500628230 /* PeopleController.swift in Sources */,
				60C4B1F529C601F900E9BC6F /* HomeHelper.swift in Sources */,
				60BFE5BF29CB7C3B0070A840 /* PeopleCoordinator.swift in Sources */,
				605D844429C5130500628230 /* HorizontalViewCell.swift in Sources */,
				607A9DD329CB1A4700A1ECF1 /* People.swift in Sources */,
				6033817829CA26CC00F6753D /* UIImageView+Extension.swift in Sources */,
				6033816F29CA257900F6753D /* VerticalMovieCell.swift in Sources */,
				6033818A29CA429900F6753D /* LabelCollectionCell.swift in Sources */,
				60C4B1FD29C609FF00E9BC6F /* HomeViewModel.swift in Sources */,
				605D841C29C5081900628230 /* AppDelegate.swift in Sources */,
				605D841E29C5081900628230 /* SceneDelegate.swift in Sources */,
				6033817F29CA2C6D00F6753D /* Coordinator.swift in Sources */,
				607A9DDD29CB1B0200A1ECF1 /* PeopleHelper.swift in Sources */,
				605D843929C50DAF00628230 /* HomeController.swift in Sources */,
				6033815D29CA1DFF00F6753D /* Genre.swift in Sources */,
				6033817629CA268E00F6753D /* Fonts.swift in Sources */,
				607A9DD729CB1A9400A1ECF1 /* PeopleCell.swift in Sources */,
				6033815F29CA219200F6753D /* GenreHelper.swift in Sources */,
				6033817C29CA2C1D00F6753D /* HomeCoordinator.swift in Sources */,
				607A9DDF29CB1B0A00A1ECF1 /* PeopleManager.swift in Sources */,
				6033818129CA2C8D00F6753D /* Storyboarded.swift in Sources */,
			);
			runOnlyForDeploymentPostprocessing = 0;
		};
/* End PBXSourcesBuildPhase section */

/* Begin PBXVariantGroup section */
		605D842129C5081900628230 /* Main.storyboard */ = {
			isa = PBXVariantGroup;
			children = (
				605D842229C5081900628230 /* Base */,
			);
			name = Main.storyboard;
			sourceTree = "<group>";
		};
		605D842629C5081A00628230 /* LaunchScreen.storyboard */ = {
			isa = PBXVariantGroup;
			children = (
				605D842729C5081A00628230 /* Base */,
			);
			name = LaunchScreen.storyboard;
			sourceTree = "<group>";
		};
/* End PBXVariantGroup section */

/* Begin XCBuildConfiguration section */
		605D842A29C5081A00628230 /* Debug */ = {
			isa = XCBuildConfiguration;
			buildSettings = {
				ALWAYS_SEARCH_USER_PATHS = NO;
				CLANG_ANALYZER_NONNULL = YES;
				CLANG_ANALYZER_NUMBER_OBJECT_CONVERSION = YES_AGGRESSIVE;
				CLANG_CXX_LANGUAGE_STANDARD = "gnu++20";
				CLANG_ENABLE_MODULES = YES;
				CLANG_ENABLE_OBJC_ARC = YES;
				CLANG_ENABLE_OBJC_WEAK = YES;
				CLANG_WARN_BLOCK_CAPTURE_AUTORELEASING = YES;
				CLANG_WARN_BOOL_CONVERSION = YES;
				CLANG_WARN_COMMA = YES;
				CLANG_WARN_CONSTANT_CONVERSION = YES;
				CLANG_WARN_DEPRECATED_OBJC_IMPLEMENTATIONS = YES;
				CLANG_WARN_DIRECT_OBJC_ISA_USAGE = YES_ERROR;
				CLANG_WARN_DOCUMENTATION_COMMENTS = YES;
				CLANG_WARN_EMPTY_BODY = YES;
				CLANG_WARN_ENUM_CONVERSION = YES;
				CLANG_WARN_INFINITE_RECURSION = YES;
				CLANG_WARN_INT_CONVERSION = YES;
				CLANG_WARN_NON_LITERAL_NULL_CONVERSION = YES;
				CLANG_WARN_OBJC_IMPLICIT_RETAIN_SELF = YES;
				CLANG_WARN_OBJC_LITERAL_CONVERSION = YES;
				CLANG_WARN_OBJC_ROOT_CLASS = YES_ERROR;
				CLANG_WARN_QUOTED_INCLUDE_IN_FRAMEWORK_HEADER = YES;
				CLANG_WARN_RANGE_LOOP_ANALYSIS = YES;
				CLANG_WARN_STRICT_PROTOTYPES = YES;
				CLANG_WARN_SUSPICIOUS_MOVE = YES;
				CLANG_WARN_UNGUARDED_AVAILABILITY = YES_AGGRESSIVE;
				CLANG_WARN_UNREACHABLE_CODE = YES;
				CLANG_WARN__DUPLICATE_METHOD_MATCH = YES;
				COPY_PHASE_STRIP = NO;
				DEBUG_INFORMATION_FORMAT = dwarf;
				ENABLE_STRICT_OBJC_MSGSEND = YES;
				ENABLE_TESTABILITY = YES;
				GCC_C_LANGUAGE_STANDARD = gnu11;
				GCC_DYNAMIC_NO_PIC = NO;
				GCC_NO_COMMON_BLOCKS = YES;
				GCC_OPTIMIZATION_LEVEL = 0;
				GCC_PREPROCESSOR_DEFINITIONS = (
					"DEBUG=1",
					"$(inherited)",
				);
				GCC_WARN_64_TO_32_BIT_CONVERSION = YES;
				GCC_WARN_ABOUT_RETURN_TYPE = YES_ERROR;
				GCC_WARN_UNDECLARED_SELECTOR = YES;
				GCC_WARN_UNINITIALIZED_AUTOS = YES_AGGRESSIVE;
				GCC_WARN_UNUSED_FUNCTION = YES;
				GCC_WARN_UNUSED_VARIABLE = YES;
				IPHONEOS_DEPLOYMENT_TARGET = 16.2;
				MTL_ENABLE_DEBUG_INFO = INCLUDE_SOURCE;
				MTL_FAST_MATH = YES;
				ONLY_ACTIVE_ARCH = YES;
				SDKROOT = iphoneos;
				SWIFT_ACTIVE_COMPILATION_CONDITIONS = DEBUG;
				SWIFT_OPTIMIZATION_LEVEL = "-Onone";
			};
			name = Debug;
		};
		605D842B29C5081A00628230 /* Release */ = {
			isa = XCBuildConfiguration;
			buildSettings = {
				ALWAYS_SEARCH_USER_PATHS = NO;
				CLANG_ANALYZER_NONNULL = YES;
				CLANG_ANALYZER_NUMBER_OBJECT_CONVERSION = YES_AGGRESSIVE;
				CLANG_CXX_LANGUAGE_STANDARD = "gnu++20";
				CLANG_ENABLE_MODULES = YES;
				CLANG_ENABLE_OBJC_ARC = YES;
				CLANG_ENABLE_OBJC_WEAK = YES;
				CLANG_WARN_BLOCK_CAPTURE_AUTORELEASING = YES;
				CLANG_WARN_BOOL_CONVERSION = YES;
				CLANG_WARN_COMMA = YES;
				CLANG_WARN_CONSTANT_CONVERSION = YES;
				CLANG_WARN_DEPRECATED_OBJC_IMPLEMENTATIONS = YES;
				CLANG_WARN_DIRECT_OBJC_ISA_USAGE = YES_ERROR;
				CLANG_WARN_DOCUMENTATION_COMMENTS = YES;
				CLANG_WARN_EMPTY_BODY = YES;
				CLANG_WARN_ENUM_CONVERSION = YES;
				CLANG_WARN_INFINITE_RECURSION = YES;
				CLANG_WARN_INT_CONVERSION = YES;
				CLANG_WARN_NON_LITERAL_NULL_CONVERSION = YES;
				CLANG_WARN_OBJC_IMPLICIT_RETAIN_SELF = YES;
				CLANG_WARN_OBJC_LITERAL_CONVERSION = YES;
				CLANG_WARN_OBJC_ROOT_CLASS = YES_ERROR;
				CLANG_WARN_QUOTED_INCLUDE_IN_FRAMEWORK_HEADER = YES;
				CLANG_WARN_RANGE_LOOP_ANALYSIS = YES;
				CLANG_WARN_STRICT_PROTOTYPES = YES;
				CLANG_WARN_SUSPICIOUS_MOVE = YES;
				CLANG_WARN_UNGUARDED_AVAILABILITY = YES_AGGRESSIVE;
				CLANG_WARN_UNREACHABLE_CODE = YES;
				CLANG_WARN__DUPLICATE_METHOD_MATCH = YES;
				COPY_PHASE_STRIP = NO;
				DEBUG_INFORMATION_FORMAT = "dwarf-with-dsym";
				ENABLE_NS_ASSERTIONS = NO;
				ENABLE_STRICT_OBJC_MSGSEND = YES;
				GCC_C_LANGUAGE_STANDARD = gnu11;
				GCC_NO_COMMON_BLOCKS = YES;
				GCC_WARN_64_TO_32_BIT_CONVERSION = YES;
				GCC_WARN_ABOUT_RETURN_TYPE = YES_ERROR;
				GCC_WARN_UNDECLARED_SELECTOR = YES;
				GCC_WARN_UNINITIALIZED_AUTOS = YES_AGGRESSIVE;
				GCC_WARN_UNUSED_FUNCTION = YES;
				GCC_WARN_UNUSED_VARIABLE = YES;
				IPHONEOS_DEPLOYMENT_TARGET = 16.2;
				MTL_ENABLE_DEBUG_INFO = NO;
				MTL_FAST_MATH = YES;
				SDKROOT = iphoneos;
				SWIFT_COMPILATION_MODE = wholemodule;
				SWIFT_OPTIMIZATION_LEVEL = "-O";
				VALIDATE_PRODUCT = YES;
			};
			name = Release;
		};
		605D842D29C5081A00628230 /* Debug */ = {
			isa = XCBuildConfiguration;
			buildSettings = {
				ASSETCATALOG_COMPILER_APPICON_NAME = AppIcon;
				ASSETCATALOG_COMPILER_GLOBAL_ACCENT_COLOR_NAME = AccentColor;
				CODE_SIGN_STYLE = Automatic;
				CURRENT_PROJECT_VERSION = 1;
				DEVELOPMENT_TEAM = WL3K4A7DH8;
				GENERATE_INFOPLIST_FILE = YES;
				INFOPLIST_FILE = TheMovie/Info.plist;
				INFOPLIST_KEY_UIApplicationSupportsIndirectInputEvents = YES;
				INFOPLIST_KEY_UILaunchStoryboardName = LaunchScreen;
				INFOPLIST_KEY_UIMainStoryboardFile = Main;
				INFOPLIST_KEY_UIRequiresFullScreen = YES;
				INFOPLIST_KEY_UIStatusBarStyle = "";
				INFOPLIST_KEY_UISupportedInterfaceOrientations = UIInterfaceOrientationPortrait;
				IPHONEOS_DEPLOYMENT_TARGET = 15.0;
				LD_RUNPATH_SEARCH_PATHS = (
					"$(inherited)",
					"@executable_path/Frameworks",
				);
				MARKETING_VERSION = 1.0;
				PRODUCT_BUNDLE_IDENTIFIER = com.barisdilekci.TheMovie;
				PRODUCT_NAME = "$(TARGET_NAME)";
				SWIFT_EMIT_LOC_STRINGS = YES;
				SWIFT_VERSION = 5.0;
				TARGETED_DEVICE_FAMILY = "1,2";
			};
			name = Debug;
		};
		605D842E29C5081A00628230 /* Release */ = {
			isa = XCBuildConfiguration;
			buildSettings = {
				ASSETCATALOG_COMPILER_APPICON_NAME = AppIcon;
				ASSETCATALOG_COMPILER_GLOBAL_ACCENT_COLOR_NAME = AccentColor;
				CODE_SIGN_STYLE = Automatic;
				CURRENT_PROJECT_VERSION = 1;
				DEVELOPMENT_TEAM = WL3K4A7DH8;
				GENERATE_INFOPLIST_FILE = YES;
				INFOPLIST_FILE = TheMovie/Info.plist;
				INFOPLIST_KEY_UIApplicationSupportsIndirectInputEvents = YES;
				INFOPLIST_KEY_UILaunchStoryboardName = LaunchScreen;
				INFOPLIST_KEY_UIMainStoryboardFile = Main;
				INFOPLIST_KEY_UIRequiresFullScreen = YES;
				INFOPLIST_KEY_UIStatusBarStyle = "";
				INFOPLIST_KEY_UISupportedInterfaceOrientations = UIInterfaceOrientationPortrait;
				IPHONEOS_DEPLOYMENT_TARGET = 15.0;
				LD_RUNPATH_SEARCH_PATHS = (
					"$(inherited)",
					"@executable_path/Frameworks",
				);
				MARKETING_VERSION = 1.0;
				PRODUCT_BUNDLE_IDENTIFIER = com.barisdilekci.TheMovie;
				PRODUCT_NAME = "$(TARGET_NAME)";
				SWIFT_EMIT_LOC_STRINGS = YES;
				SWIFT_VERSION = 5.0;
				TARGETED_DEVICE_FAMILY = "1,2";
			};
			name = Release;
		};
/* End XCBuildConfiguration section */

/* Begin XCConfigurationList section */
		605D841329C5081900628230 /* Build configuration list for PBXProject "TheMovie" */ = {
			isa = XCConfigurationList;
			buildConfigurations = (
				605D842A29C5081A00628230 /* Debug */,
				605D842B29C5081A00628230 /* Release */,
			);
			defaultConfigurationIsVisible = 0;
			defaultConfigurationName = Release;
		};
		605D842C29C5081A00628230 /* Build configuration list for PBXNativeTarget "TheMovie" */ = {
			isa = XCConfigurationList;
			buildConfigurations = (
				605D842D29C5081A00628230 /* Debug */,
				605D842E29C5081A00628230 /* Release */,
			);
			defaultConfigurationIsVisible = 0;
			defaultConfigurationName = Release;
		};
/* End XCConfigurationList section */

/* Begin XCRemoteSwiftPackageReference section */
		605D844D29C525B900628230 /* XCRemoteSwiftPackageReference "Alamofire" */ = {
			isa = XCRemoteSwiftPackageReference;
			repositoryURL = "https://github.com/Alamofire/Alamofire.git";
			requirement = {
				branch = master;
				kind = branch;
			};
		};
		60C4B1FF29C61E9B00E9BC6F /* XCRemoteSwiftPackageReference "SDWebImage" */ = {
			isa = XCRemoteSwiftPackageReference;
			repositoryURL = "https://github.com/SDWebImage/SDWebImage.git";
			requirement = {
				branch = master;
				kind = branch;
			};
		};
/* End XCRemoteSwiftPackageReference section */

/* Begin XCSwiftPackageProductDependency section */
		605D844E29C525B900628230 /* Alamofire */ = {
			isa = XCSwiftPackageProductDependency;
			package = 605D844D29C525B900628230 /* XCRemoteSwiftPackageReference "Alamofire" */;
			productName = Alamofire;
		};
		60C4B20029C61E9B00E9BC6F /* SDWebImage */ = {
			isa = XCSwiftPackageProductDependency;
			package = 60C4B1FF29C61E9B00E9BC6F /* XCRemoteSwiftPackageReference "SDWebImage" */;
			productName = SDWebImage;
		};
/* End XCSwiftPackageProductDependency section */
	};
	rootObject = 605D841029C5081900628230 /* Project object */;
}
